// !$*UTF8*$!
{
	archiveVersion = 1;
	classes = {
	};
	objectVersion = 48;
	objects = {

/* Begin PBXBuildFile section */
		614B78232018CC87004AA999 /* RxSwift.framework in Frameworks */ = {isa = PBXBuildFile; fileRef = 614B78222018CC87004AA999 /* RxSwift.framework */; };
		614B78252018CC91004AA999 /* RxCocoa.framework in Frameworks */ = {isa = PBXBuildFile; fileRef = 614B78242018CC91004AA999 /* RxCocoa.framework */; };
		614B782A2018CD12004AA999 /* RxBlocking.framework in Frameworks */ = {isa = PBXBuildFile; fileRef = 614B78292018CD12004AA999 /* RxBlocking.framework */; };
		614B782C2018CDC1004AA999 /* NSLayoutAnchor+Extensions.swift in Sources */ = {isa = PBXBuildFile; fileRef = 614B782B2018CDC1004AA999 /* NSLayoutAnchor+Extensions.swift */; };
		614E37752018339E002ACC51 /* AppDelegate.swift in Sources */ = {isa = PBXBuildFile; fileRef = 614E37742018339E002ACC51 /* AppDelegate.swift */; };
		614E37772018339E002ACC51 /* ViewController.swift in Sources */ = {isa = PBXBuildFile; fileRef = 614E37762018339E002ACC51 /* ViewController.swift */; };
		614E377C2018339E002ACC51 /* Assets.xcassets in Resources */ = {isa = PBXBuildFile; fileRef = 614E377B2018339E002ACC51 /* Assets.xcassets */; };
		614E377F2018339E002ACC51 /* LaunchScreen.storyboard in Resources */ = {isa = PBXBuildFile; fileRef = 614E377D2018339E002ACC51 /* LaunchScreen.storyboard */; };
		614E378720183440002ACC51 /* BlockChain.swift in Sources */ = {isa = PBXBuildFile; fileRef = 614E378620183440002ACC51 /* BlockChain.swift */; };
		614E378920183515002ACC51 /* Block.swift in Sources */ = {isa = PBXBuildFile; fileRef = 614E378820183515002ACC51 /* Block.swift */; };
		614E378B20183523002ACC51 /* Transaction.swift in Sources */ = {isa = PBXBuildFile; fileRef = 614E378A20183523002ACC51 /* Transaction.swift */; };
		614E378E20186A7E002ACC51 /* BlockChainServer.swift in Sources */ = {isa = PBXBuildFile; fileRef = 614E378D20186A7E002ACC51 /* BlockChainServer.swift */; };
/* End PBXBuildFile section */

/* Begin PBXFileReference section */
		614B78222018CC87004AA999 /* RxSwift.framework */ = {isa = PBXFileReference; lastKnownFileType = wrapper.framework; name = RxSwift.framework; path = Carthage/Build/iOS/RxSwift.framework; sourceTree = "<group>"; };
		614B78242018CC91004AA999 /* RxCocoa.framework */ = {isa = PBXFileReference; lastKnownFileType = wrapper.framework; name = RxCocoa.framework; path = Carthage/Build/iOS/RxCocoa.framework; sourceTree = "<group>"; };
		614B78272018CD04004AA999 /* Build */ = {isa = PBXFileReference; lastKnownFileType = folder; name = Build; path = Carthage/Build; sourceTree = "<group>"; };
		614B78292018CD12004AA999 /* RxBlocking.framework */ = {isa = PBXFileReference; lastKnownFileType = wrapper.framework; name = RxBlocking.framework; path = Carthage/Build/iOS/RxBlocking.framework; sourceTree = "<group>"; };
		614B782B2018CDC1004AA999 /* NSLayoutAnchor+Extensions.swift */ = {isa = PBXFileReference; lastKnownFileType = sourcecode.swift; path = "NSLayoutAnchor+Extensions.swift"; sourceTree = "<group>"; };
		614E37712018339E002ACC51 /* MyBlockChain.app */ = {isa = PBXFileReference; explicitFileType = wrapper.application; includeInIndex = 0; path = MyBlockChain.app; sourceTree = BUILT_PRODUCTS_DIR; };
		614E37742018339E002ACC51 /* AppDelegate.swift */ = {isa = PBXFileReference; lastKnownFileType = sourcecode.swift; path = AppDelegate.swift; sourceTree = "<group>"; };
		614E37762018339E002ACC51 /* ViewController.swift */ = {isa = PBXFileReference; lastKnownFileType = sourcecode.swift; path = ViewController.swift; sourceTree = "<group>"; };
		614E377B2018339E002ACC51 /* Assets.xcassets */ = {isa = PBXFileReference; lastKnownFileType = folder.assetcatalog; path = Assets.xcassets; sourceTree = "<group>"; };
		614E377E2018339E002ACC51 /* Base */ = {isa = PBXFileReference; lastKnownFileType = file.storyboard; name = Base; path = Base.lproj/LaunchScreen.storyboard; sourceTree = "<group>"; };
		614E37802018339E002ACC51 /* Info.plist */ = {isa = PBXFileReference; lastKnownFileType = text.plist.xml; path = Info.plist; sourceTree = "<group>"; };
		614E378620183440002ACC51 /* BlockChain.swift */ = {isa = PBXFileReference; lastKnownFileType = sourcecode.swift; path = BlockChain.swift; sourceTree = "<group>"; };
		614E378820183515002ACC51 /* Block.swift */ = {isa = PBXFileReference; lastKnownFileType = sourcecode.swift; path = Block.swift; sourceTree = "<group>"; };
		614E378A20183523002ACC51 /* Transaction.swift */ = {isa = PBXFileReference; lastKnownFileType = sourcecode.swift; path = Transaction.swift; sourceTree = "<group>"; };
		614E378C20186697002ACC51 /* BridgingHeader.h */ = {isa = PBXFileReference; lastKnownFileType = sourcecode.c.h; path = BridgingHeader.h; sourceTree = "<group>"; };
		614E378D20186A7E002ACC51 /* BlockChainServer.swift */ = {isa = PBXFileReference; lastKnownFileType = sourcecode.swift; path = BlockChainServer.swift; sourceTree = "<group>"; };
/* End PBXFileReference section */

/* Begin PBXFrameworksBuildPhase section */
		614E376E2018339E002ACC51 /* Frameworks */ = {
			isa = PBXFrameworksBuildPhase;
			buildActionMask = 2147483647;
			files = (
				614B782A2018CD12004AA999 /* RxBlocking.framework in Frameworks */,
				614B78252018CC91004AA999 /* RxCocoa.framework in Frameworks */,
				614B78232018CC87004AA999 /* RxSwift.framework in Frameworks */,
			);
			runOnlyForDeploymentPostprocessing = 0;
		};
/* End PBXFrameworksBuildPhase section */

/* Begin PBXGroup section */
		614B78212018CC86004AA999 /* Frameworks */ = {
			isa = PBXGroup;
			children = (
				614B78292018CD12004AA999 /* RxBlocking.framework */,
				614B78272018CD04004AA999 /* Build */,
				614B78242018CC91004AA999 /* RxCocoa.framework */,
				614B78222018CC87004AA999 /* RxSwift.framework */,
			);
			name = Frameworks;
			sourceTree = "<group>";
		};
		614E37682018339E002ACC51 = {
			isa = PBXGroup;
			children = (
				614E37732018339E002ACC51 /* MyBlockChain */,
				614E37722018339E002ACC51 /* Products */,
				614B78212018CC86004AA999 /* Frameworks */,
			);
			sourceTree = "<group>";
		};
		614E37722018339E002ACC51 /* Products */ = {
			isa = PBXGroup;
			children = (
				614E37712018339E002ACC51 /* MyBlockChain.app */,
			);
			name = Products;
			sourceTree = "<group>";
		};
		614E37732018339E002ACC51 /* MyBlockChain */ = {
			isa = PBXGroup;
			children = (
				614E37742018339E002ACC51 /* AppDelegate.swift */,
				614E37762018339E002ACC51 /* ViewController.swift */,
				614E377B2018339E002ACC51 /* Assets.xcassets */,
				614E377D2018339E002ACC51 /* LaunchScreen.storyboard */,
				614E37802018339E002ACC51 /* Info.plist */,
				614E378620183440002ACC51 /* BlockChain.swift */,
				614E378820183515002ACC51 /* Block.swift */,
				614E378A20183523002ACC51 /* Transaction.swift */,
				614E378C20186697002ACC51 /* BridgingHeader.h */,
				614E378D20186A7E002ACC51 /* BlockChainServer.swift */,
				614B782B2018CDC1004AA999 /* NSLayoutAnchor+Extensions.swift */,
			);
			path = MyBlockChain;
			sourceTree = "<group>";
		};
/* End PBXGroup section */

/* Begin PBXNativeTarget section */
		614E37702018339E002ACC51 /* MyBlockChain */ = {
			isa = PBXNativeTarget;
			buildConfigurationList = 614E37832018339E002ACC51 /* Build configuration list for PBXNativeTarget "MyBlockChain" */;
			buildPhases = (
				614E376D2018339E002ACC51 /* Sources */,
				614E376E2018339E002ACC51 /* Frameworks */,
				614E376F2018339E002ACC51 /* Resources */,
				614B78262018CCA3004AA999 /* ShellScript */,
			);
			buildRules = (
			);
			dependencies = (
			);
			name = MyBlockChain;
			productName = MyBlockChain;
			productReference = 614E37712018339E002ACC51 /* MyBlockChain.app */;
			productType = "com.apple.product-type.application";
		};
/* End PBXNativeTarget section */

/* Begin PBXProject section */
		614E37692018339E002ACC51 /* Project object */ = {
			isa = PBXProject;
			attributes = {
				LastSwiftUpdateCheck = 0920;
				LastUpgradeCheck = 0920;
				ORGANIZATIONNAME = "小松代紘生";
				TargetAttributes = {
					614E37702018339E002ACC51 = {
						CreatedOnToolsVersion = 9.2;
						ProvisioningStyle = Automatic;
					};
				};
			};
			buildConfigurationList = 614E376C2018339E002ACC51 /* Build configuration list for PBXProject "MyBlockChain" */;
			compatibilityVersion = "Xcode 8.0";
			developmentRegion = en;
			hasScannedForEncodings = 0;
			knownRegions = (
				en,
				Base,
			);
			mainGroup = 614E37682018339E002ACC51;
			productRefGroup = 614E37722018339E002ACC51 /* Products */;
			projectDirPath = "";
			projectRoot = "";
			targets = (
				614E37702018339E002ACC51 /* MyBlockChain */,
			);
		};
/* End PBXProject section */

/* Begin PBXResourcesBuildPhase section */
		614E376F2018339E002ACC51 /* Resources */ = {
			isa = PBXResourcesBuildPhase;
			buildActionMask = 2147483647;
			files = (
				614E377F2018339E002ACC51 /* LaunchScreen.storyboard in Resources */,
				614E377C2018339E002ACC51 /* Assets.xcassets in Resources */,
			);
			runOnlyForDeploymentPostprocessing = 0;
		};
/* End PBXResourcesBuildPhase section */

/* Begin PBXShellScriptBuildPhase section */
		614B78262018CCA3004AA999 /* ShellScript */ = {
			isa = PBXShellScriptBuildPhase;
			buildActionMask = 2147483647;
			files = (
			);
			inputPaths = (
				"$(SRCROOT)/Carthage/Build/iOS/RxBlocking.framework",
				"$(SRCROOT)/Carthage/Build/iOS/RxCocoa.framework",
				"$(SRCROOT)/Carthage/Build/iOS/RxSwift.framework",
			);
			outputPaths = (
			);
			runOnlyForDeploymentPostprocessing = 0;
			shellPath = /bin/sh;
			shellScript = "/usr/local/bin/carthage copy-frameworks";
		};
/* End PBXShellScriptBuildPhase section */

/* Begin PBXSourcesBuildPhase section */
		614E376D2018339E002ACC51 /* Sources */ = {
			isa = PBXSourcesBuildPhase;
			buildActionMask = 2147483647;
			files = (
				614E378E20186A7E002ACC51 /* BlockChainServer.swift in Sources */,
				614E37772018339E002ACC51 /* ViewController.swift in Sources */,
				614E378920183515002ACC51 /* Block.swift in Sources */,
				614B782C2018CDC1004AA999 /* NSLayoutAnchor+Extensions.swift in Sources */,
				614E37752018339E002ACC51 /* AppDelegate.swift in Sources */,
				614E378720183440002ACC51 /* BlockChain.swift in Sources */,
				614E378B20183523002ACC51 /* Transaction.swift in Sources */,
			);
			runOnlyForDeploymentPostprocessing = 0;
		};
/* End PBXSourcesBuildPhase section */

/* Begin PBXVariantGroup section */
		614E377D2018339E002ACC51 /* LaunchScreen.storyboard */ = {
			isa = PBXVariantGroup;
			children = (
				614E377E2018339E002ACC51 /* Base */,
			);
			name = LaunchScreen.storyboard;
			sourceTree = "<group>";
		};
/* End PBXVariantGroup section */

/* Begin XCBuildConfiguration section */
		614E37812018339E002ACC51 /* Debug */ = {
			isa = XCBuildConfiguration;
			buildSettings = {
				ALWAYS_SEARCH_USER_PATHS = NO;
				CLANG_ANALYZER_NONNULL = YES;
				CLANG_ANALYZER_NUMBER_OBJECT_CONVERSION = YES_AGGRESSIVE;
				CLANG_CXX_LANGUAGE_STANDARD = "gnu++14";
				CLANG_CXX_LIBRARY = "libc++";
				CLANG_ENABLE_MODULES = YES;
				CLANG_ENABLE_OBJC_ARC = YES;
				CLANG_WARN_BLOCK_CAPTURE_AUTORELEASING = YES;
				CLANG_WARN_BOOL_CONVERSION = YES;
				CLANG_WARN_COMMA = YES;
				CLANG_WARN_CONSTANT_CONVERSION = YES;
				CLANG_WARN_DIRECT_OBJC_ISA_USAGE = YES_ERROR;
				CLANG_WARN_DOCUMENTATION_COMMENTS = YES;
				CLANG_WARN_EMPTY_BODY = YES;
				CLANG_WARN_ENUM_CONVERSION = YES;
				CLANG_WARN_INFINITE_RECURSION = YES;
				CLANG_WARN_INT_CONVERSION = YES;
				CLANG_WARN_NON_LITERAL_NULL_CONVERSION = YES;
				CLANG_WARN_OBJC_LITERAL_CONVERSION = YES;
				CLANG_WARN_OBJC_ROOT_CLASS = YES_ERROR;
				CLANG_WARN_RANGE_LOOP_ANALYSIS = YES;
				CLANG_WARN_STRICT_PROTOTYPES = YES;
				CLANG_WARN_SUSPICIOUS_MOVE = YES;
				CLANG_WARN_UNGUARDED_AVAILABILITY = YES_AGGRESSIVE;
				CLANG_WARN_UNREACHABLE_CODE = YES;
				CLANG_WARN__DUPLICATE_METHOD_MATCH = YES;
				CODE_SIGN_IDENTITY = "iPhone Developer";
				COPY_PHASE_STRIP = NO;
				DEBUG_INFORMATION_FORMAT = dwarf;
				ENABLE_STRICT_OBJC_MSGSEND = YES;
				ENABLE_TESTABILITY = YES;
				GCC_C_LANGUAGE_STANDARD = gnu11;
				GCC_DYNAMIC_NO_PIC = NO;
				GCC_NO_COMMON_BLOCKS = YES;
				GCC_OPTIMIZATION_LEVEL = 0;
				GCC_PREPROCESSOR_DEFINITIONS = (
					"DEBUG=1",
					"$(inherited)",
				);
				GCC_WARN_64_TO_32_BIT_CONVERSION = YES;
				GCC_WARN_ABOUT_RETURN_TYPE = YES_ERROR;
				GCC_WARN_UNDECLARED_SELECTOR = YES;
				GCC_WARN_UNINITIALIZED_AUTOS = YES_AGGRESSIVE;
				GCC_WARN_UNUSED_FUNCTION = YES;
				GCC_WARN_UNUSED_VARIABLE = YES;
				IPHONEOS_DEPLOYMENT_TARGET = 11.2;
				MTL_ENABLE_DEBUG_INFO = YES;
				ONLY_ACTIVE_ARCH = YES;
				SDKROOT = iphoneos;
				SWIFT_ACTIVE_COMPILATION_CONDITIONS = DEBUG;
				SWIFT_OPTIMIZATION_LEVEL = "-Onone";
			};
			name = Debug;
		};
		614E37822018339E002ACC51 /* Release */ = {
			isa = XCBuildConfiguration;
			buildSettings = {
				ALWAYS_SEARCH_USER_PATHS = NO;
				CLANG_ANALYZER_NONNULL = YES;
				CLANG_ANALYZER_NUMBER_OBJECT_CONVERSION = YES_AGGRESSIVE;
				CLANG_CXX_LANGUAGE_STANDARD = "gnu++14";
				CLANG_CXX_LIBRARY = "libc++";
				CLANG_ENABLE_MODULES = YES;
				CLANG_ENABLE_OBJC_ARC = YES;
				CLANG_WARN_BLOCK_CAPTURE_AUTORELEASING = YES;
				CLANG_WARN_BOOL_CONVERSION = YES;
				CLANG_WARN_COMMA = YES;
				CLANG_WARN_CONSTANT_CONVERSION = YES;
				CLANG_WARN_DIRECT_OBJC_ISA_USAGE = YES_ERROR;
				CLANG_WARN_DOCUMENTATION_COMMENTS = YES;
				CLANG_WARN_EMPTY_BODY = YES;
				CLANG_WARN_ENUM_CONVERSION = YES;
				CLANG_WARN_INFINITE_RECURSION = YES;
				CLANG_WARN_INT_CONVERSION = YES;
				CLANG_WARN_NON_LITERAL_NULL_CONVERSION = YES;
				CLANG_WARN_OBJC_LITERAL_CONVERSION = YES;
				CLANG_WARN_OBJC_ROOT_CLASS = YES_ERROR;
				CLANG_WARN_RANGE_LOOP_ANALYSIS = YES;
				CLANG_WARN_STRICT_PROTOTYPES = YES;
				CLANG_WARN_SUSPICIOUS_MOVE = YES;
				CLANG_WARN_UNGUARDED_AVAILABILITY = YES_AGGRESSIVE;
				CLANG_WARN_UNREACHABLE_CODE = YES;
				CLANG_WARN__DUPLICATE_METHOD_MATCH = YES;
				CODE_SIGN_IDENTITY = "iPhone Developer";
				COPY_PHASE_STRIP = NO;
				DEBUG_INFORMATION_FORMAT = "dwarf-with-dsym";
				ENABLE_NS_ASSERTIONS = NO;
				ENABLE_STRICT_OBJC_MSGSEND = YES;
				GCC_C_LANGUAGE_STANDARD = gnu11;
				GCC_NO_COMMON_BLOCKS = YES;
				GCC_WARN_64_TO_32_BIT_CONVERSION = YES;
				GCC_WARN_ABOUT_RETURN_TYPE = YES_ERROR;
				GCC_WARN_UNDECLARED_SELECTOR = YES;
				GCC_WARN_UNINITIALIZED_AUTOS = YES_AGGRESSIVE;
				GCC_WARN_UNUSED_FUNCTION = YES;
				GCC_WARN_UNUSED_VARIABLE = YES;
				IPHONEOS_DEPLOYMENT_TARGET = 11.2;
				MTL_ENABLE_DEBUG_INFO = NO;
				SDKROOT = iphoneos;
				SWIFT_OPTIMIZATION_LEVEL = "-Owholemodule";
				VALIDATE_PRODUCT = YES;
			};
			name = Release;
		};
		614E37842018339E002ACC51 /* Debug */ = {
			isa = XCBuildConfiguration;
			buildSettings = {
				ASSETCATALOG_COMPILER_APPICON_NAME = AppIcon;
				CODE_SIGN_STYLE = Automatic;
				DEVELOPMENT_TEAM = 46D7VCBXVA;
				FRAMEWORK_SEARCH_PATHS = (
					"$(inherited)",
					"$(PROJECT_DIR)/Carthage/Build/iOS",
				);
				INFOPLIST_FILE = MyBlockChain/Info.plist;
				LD_RUNPATH_SEARCH_PATHS = "$(inherited) @executable_path/Frameworks";
				PRODUCT_BUNDLE_IDENTIFIER = com.komatsushiro.MyBlockChain;
				PRODUCT_NAME = "$(TARGET_NAME)";
				SWIFT_OBJC_BRIDGING_HEADER = MyBlockChain/BridgingHeader.h;
				SWIFT_VERSION = 4.0;
				TARGETED_DEVICE_FAMILY = "1,2";
			};
			name = Debug;
		};
		614E37852018339E002ACC51 /* Release */ = {
			isa = XCBuildConfiguration;
			buildSettings = {
				ASSETCATALOG_COMPILER_APPICON_NAME = AppIcon;
				CODE_SIGN_STYLE = Automatic;
				DEVELOPMENT_TEAM = 46D7VCBXVA;
				FRAMEWORK_SEARCH_PATHS = (
					"$(inherited)",
					"$(PROJECT_DIR)/Carthage/Build/iOS",
				);
				INFOPLIST_FILE = MyBlockChain/Info.plist;
				LD_RUNPATH_SEARCH_PATHS = "$(inherited) @executable_path/Frameworks";
				PRODUCT_BUNDLE_IDENTIFIER = com.komatsushiro.MyBlockChain;
				PRODUCT_NAME = "$(TARGET_NAME)";
				SWIFT_OBJC_BRIDGING_HEADER = MyBlockChain/BridgingHeader.h;
				SWIFT_VERSION = 4.0;
				TARGETED_DEVICE_FAMILY = "1,2";
			};
			name = Release;
		};
/* End XCBuildConfiguration section */

/* Begin XCConfigurationList section */
		614E376C2018339E002ACC51 /* Build configuration list for PBXProject "MyBlockChain" */ = {
			isa = XCConfigurationList;
			buildConfigurations = (
				614E37812018339E002ACC51 /* Debug */,
				614E37822018339E002ACC51 /* Release */,
			);
			defaultConfigurationIsVisible = 0;
			defaultConfigurationName = Release;
		};
		614E37832018339E002ACC51 /* Build configuration list for PBXNativeTarget "MyBlockChain" */ = {
			isa = XCConfigurationList;
			buildConfigurations = (
				614E37842018339E002ACC51 /* Debug */,
				614E37852018339E002ACC51 /* Release */,
			);
			defaultConfigurationIsVisible = 0;
			defaultConfigurationName = Release;
		};
/* End XCConfigurationList section */
	};
	rootObject = 614E37692018339E002ACC51 /* Project object */;
}
